
Microsoft Visual Studio Solution File, Format Version 12.00
# Visual Studio 15
VisualStudioVersion = 15.0.28307.168
MinimumVisualStudioVersion = 10.0.40219.1
Project("{FAE04EC0-301F-11D3-BF4B-00C04F79EFBC}") = "EstadisticasFutbol.Android", "EstadisticasFutbol\EstadisticasFutbol.Android\EstadisticasFutbol.Android.csproj", "{8263131C-C9CF-47E2-9840-2EE12129D16A}"
EndProject
Project("{FAE04EC0-301F-11D3-BF4B-00C04F79EFBC}") = "EstadisticasFutbol.iOS", "EstadisticasFutbol\EstadisticasFutbol.iOS\EstadisticasFutbol.iOS.csproj", "{C6250069-C19F-4813-8B15-78B0B6FDD3B1}"
EndProject
Project("{FAE04EC0-301F-11D3-BF4B-00C04F79EFBC}") = "EstadisticasFutbol", "EstadisticasFutbol\EstadisticasFutbol\EstadisticasFutbol.csproj", "{57647DBF-4D46-41AE-8537-E196F12DC859}"
EndProject
Global
	GlobalSection(SolutionConfigurationPlatforms) = preSolution
		Ad-Hoc|Any CPU = Ad-Hoc|Any CPU
		Ad-Hoc|iPhone = Ad-Hoc|iPhone
		Ad-Hoc|iPhoneSimulator = Ad-Hoc|iPhoneSimulator
		AppStore|Any CPU = AppStore|Any CPU
		AppStore|iPhone = AppStore|iPhone
		AppStore|iPhoneSimulator = AppStore|iPhoneSimulator
		Debug|Any CPU = Debug|Any CPU
		Debug|iPhone = Debug|iPhone
		Debug|iPhoneSimulator = Debug|iPhoneSimulator
		Release|Any CPU = Release|Any CPU
		Release|iPhone = Release|iPhone
		Release|iPhoneSimulator = Release|iPhoneSimulator
	EndGlobalSection
	GlobalSection(ProjectConfigurationPlatforms) = postSolution
		{8263131C-C9CF-47E2-9840-2EE12129D16A}.Ad-Hoc|Any CPU.ActiveCfg = Release|Any CPU
		{8263131C-C9CF-47E2-9840-2EE12129D16A}.Ad-Hoc|Any CPU.Build.0 = Release|Any CPU
		{8263131C-C9CF-47E2-9840-2EE12129D16A}.Ad-Hoc|Any CPU.Deploy.0 = Release|Any CPU
		{8263131C-C9CF-47E2-9840-2EE12129D16A}.Ad-Hoc|iPhone.ActiveCfg = Release|Any CPU
		{8263131C-C9CF-47E2-9840-2EE12129D16A}.Ad-Hoc|iPhone.Build.0 = Release|Any CPU
		{8263131C-C9CF-47E2-9840-2EE12129D16A}.Ad-Hoc|iPhone.Deploy.0 = Release|Any CPU
		{8263131C-C9CF-47E2-9840-2EE12129D16A}.Ad-Hoc|iPhoneSimulator.ActiveCfg = Release|Any CPU
		{8263131C-C9CF-47E2-9840-2EE12129D16A}.Ad-Hoc|iPhoneSimulator.Build.0 = Release|Any CPU
		{8263131C-C9CF-47E2-9840-2EE12129D16A}.Ad-Hoc|iPhoneSimulator.Deploy.0 = Release|Any CPU
		{8263131C-C9CF-47E2-9840-2EE12129D16A}.AppStore|Any CPU.ActiveCfg = Release|Any CPU
		{8263131C-C9CF-47E2-9840-2EE12129D16A}.AppStore|Any CPU.Build.0 = Release|Any CPU
		{8263131C-C9CF-47E2-9840-2EE12129D16A}.AppStore|Any CPU.Deploy.0 = Release|Any CPU
		{8263131C-C9CF-47E2-9840-2EE12129D16A}.AppStore|iPhone.ActiveCfg = Release|Any CPU
		{8263131C-C9CF-47E2-9840-2EE12129D16A}.AppStore|iPhone.Build.0 = Release|Any CPU
		{8263131C-C9CF-47E2-9840-2EE12129D16A}.AppStore|iPhone.Deploy.0 = Release|Any CPU
		{8263131C-C9CF-47E2-9840-2EE12129D16A}.AppStore|iPhoneSimulator.ActiveCfg = Release|Any CPU
		{8263131C-C9CF-47E2-9840-2EE12129D16A}.AppStore|iPhoneSimulator.Build.0 = Release|Any CPU
		{8263131C-C9CF-47E2-9840-2EE12129D16A}.AppStore|iPhoneSimulator.Deploy.0 = Release|Any CPU
		{8263131C-C9CF-47E2-9840-2EE12129D16A}.Debug|Any CPU.ActiveCfg = Debug|Any CPU
		{8263131C-C9CF-47E2-9840-2EE12129D16A}.Debug|Any CPU.Build.0 = Debug|Any CPU
		{8263131C-C9CF-47E2-9840-2EE12129D16A}.Debug|Any CPU.Deploy.0 = Debug|Any CPU
		{8263131C-C9CF-47E2-9840-2EE12129D16A}.Debug|iPhone.ActiveCfg = Debug|Any CPU
		{8263131C-C9CF-47E2-9840-2EE12129D16A}.Debug|iPhone.Build.0 = Debug|Any CPU
		{8263131C-C9CF-47E2-9840-2EE12129D16A}.Debug|iPhone.Deploy.0 = Debug|Any CPU
		{8263131C-C9CF-47E2-9840-2EE12129D16A}.Debug|iPhoneSimulator.ActiveCfg = Debug|Any CPU
		{8263131C-C9CF-47E2-9840-2EE12129D16A}.Debug|iPhoneSimulator.Build.0 = Debug|Any CPU
		{8263131C-C9CF-47E2-9840-2EE12129D16A}.Debug|iPhoneSimulator.Deploy.0 = Debug|Any CPU
		{8263131C-C9CF-47E2-9840-2EE12129D16A}.Release|Any CPU.ActiveCfg = Release|Any CPU
		{8263131C-C9CF-47E2-9840-2EE12129D16A}.Release|Any CPU.Build.0 = Release|Any CPU
		{8263131C-C9CF-47E2-9840-2EE12129D16A}.Release|Any CPU.Deploy.0 = Release|Any CPU
		{8263131C-C9CF-47E2-9840-2EE12129D16A}.Release|iPhone.ActiveCfg = Release|Any CPU
		{8263131C-C9CF-47E2-9840-2EE12129D16A}.Release|iPhone.Build.0 = Release|Any CPU
		{8263131C-C9CF-47E2-9840-2EE12129D16A}.Release|iPhone.Deploy.0 = Release|Any CPU
		{8263131C-C9CF-47E2-9840-2EE12129D16A}.Release|iPhoneSimulator.ActiveCfg = Release|Any CPU
		{8263131C-C9CF-47E2-9840-2EE12129D16A}.Release|iPhoneSimulator.Build.0 = Release|Any CPU
		{8263131C-C9CF-47E2-9840-2EE12129D16A}.Release|iPhoneSimulator.Deploy.0 = Release|Any CPU
		{C6250069-C19F-4813-8B15-78B0B6FDD3B1}.Ad-Hoc|Any CPU.ActiveCfg = Ad-Hoc|iPhone
		{C6250069-C19F-4813-8B15-78B0B6FDD3B1}.Ad-Hoc|Any CPU.Build.0 = Ad-Hoc|iPhone
		{C6250069-C19F-4813-8B15-78B0B6FDD3B1}.Ad-Hoc|Any CPU.Deploy.0 = Ad-Hoc|iPhone
		{C6250069-C19F-4813-8B15-78B0B6FDD3B1}.Ad-Hoc|iPhone.ActiveCfg = Ad-Hoc|iPhone
		{C6250069-C19F-4813-8B15-78B0B6FDD3B1}.Ad-Hoc|iPhone.Build.0 = Ad-Hoc|iPhone
		{C6250069-C19F-4813-8B15-78B0B6FDD3B1}.Ad-Hoc|iPhone.Deploy.0 = Ad-Hoc|iPhone
		{C6250069-C19F-4813-8B15-78B0B6FDD3B1}.Ad-Hoc|iPhoneSimulator.ActiveCfg = Ad-Hoc|iPhoneSimulator
		{C6250069-C19F-4813-8B15-78B0B6FDD3B1}.Ad-Hoc|iPhoneSimulator.Build.0 = Ad-Hoc|iPhoneSimulator
		{C6250069-C19F-4813-8B15-78B0B6FDD3B1}.Ad-Hoc|iPhoneSimulator.Deploy.0 = Ad-Hoc|iPhoneSimulator
		{C6250069-C19F-4813-8B15-78B0B6FDD3B1}.AppStore|Any CPU.ActiveCfg = AppStore|iPhone
		{C6250069-C19F-4813-8B15-78B0B6FDD3B1}.AppStore|Any CPU.Build.0 = AppStore|iPhone
		{C6250069-C19F-4813-8B15-78B0B6FDD3B1}.AppStore|Any CPU.Deploy.0 = AppStore|iPhone
		{C6250069-C19F-4813-8B15-78B0B6FDD3B1}.AppStore|iPhone.ActiveCfg = AppStore|iPhone
		{C6250069-C19F-4813-8B15-78B0B6FDD3B1}.AppStore|iPhone.Build.0 = AppStore|iPhone
		{C6250069-C19F-4813-8B15-78B0B6FDD3B1}.AppStore|iPhone.Deploy.0 = AppStore|iPhone
		{C6250069-C19F-4813-8B15-78B0B6FDD3B1}.AppStore|iPhoneSimulator.ActiveCfg = AppStore|iPhoneSimulator
		{C6250069-C19F-4813-8B15-78B0B6FDD3B1}.AppStore|iPhoneSimulator.Build.0 = AppStore|iPhoneSimulator
		{C6250069-C19F-4813-8B15-78B0B6FDD3B1}.AppStore|iPhoneSimulator.Deploy.0 = AppStore|iPhoneSimulator
		{C6250069-C19F-4813-8B15-78B0B6FDD3B1}.Debug|Any CPU.ActiveCfg = Debug|iPhoneSimulator
		{C6250069-C19F-4813-8B15-78B0B6FDD3B1}.Debug|Any CPU.Build.0 = Debug|iPhoneSimulator
		{C6250069-C19F-4813-8B15-78B0B6FDD3B1}.Debug|Any CPU.Deploy.0 = Debug|iPhoneSimulator
		{C6250069-C19F-4813-8B15-78B0B6FDD3B1}.Debug|iPhone.ActiveCfg = Debug|iPhone
		{C6250069-C19F-4813-8B15-78B0B6FDD3B1}.Debug|iPhone.Build.0 = Debug|iPhone
		{C6250069-C19F-4813-8B15-78B0B6FDD3B1}.Debug|iPhone.Deploy.0 = Debug|iPhone
		{C6250069-C19F-4813-8B15-78B0B6FDD3B1}.Debug|iPhoneSimulator.ActiveCfg = Debug|iPhoneSimulator
		{C6250069-C19F-4813-8B15-78B0B6FDD3B1}.Debug|iPhoneSimulator.Build.0 = Debug|iPhoneSimulator
		{C6250069-C19F-4813-8B15-78B0B6FDD3B1}.Debug|iPhoneSimulator.Deploy.0 = Debug|iPhoneSimulator
		{C6250069-C19F-4813-8B15-78B0B6FDD3B1}.Release|Any CPU.ActiveCfg = Release|iPhone
		{C6250069-C19F-4813-8B15-78B0B6FDD3B1}.Release|Any CPU.Build.0 = Release|iPhone
		{C6250069-C19F-4813-8B15-78B0B6FDD3B1}.Release|Any CPU.Deploy.0 = Release|iPhone
		{C6250069-C19F-4813-8B15-78B0B6FDD3B1}.Release|iPhone.ActiveCfg = Release|iPhone
		{C6250069-C19F-4813-8B15-78B0B6FDD3B1}.Release|iPhone.Build.0 = Release|iPhone
		{C6250069-C19F-4813-8B15-78B0B6FDD3B1}.Release|iPhone.Deploy.0 = Release|iPhone
		{C6250069-C19F-4813-8B15-78B0B6FDD3B1}.Release|iPhoneSimulator.ActiveCfg = Release|iPhoneSimulator
		{C6250069-C19F-4813-8B15-78B0B6FDD3B1}.Release|iPhoneSimulator.Build.0 = Release|iPhoneSimulator
		{C6250069-C19F-4813-8B15-78B0B6FDD3B1}.Release|iPhoneSimulator.Deploy.0 = Release|iPhoneSimulator
		{57647DBF-4D46-41AE-8537-E196F12DC859}.Ad-Hoc|Any CPU.ActiveCfg = Debug|Any CPU
		{57647DBF-4D46-41AE-8537-E196F12DC859}.Ad-Hoc|Any CPU.Build.0 = Debug|Any CPU
		{57647DBF-4D46-41AE-8537-E196F12DC859}.Ad-Hoc|Any CPU.Deploy.0 = Debug|Any CPU
		{57647DBF-4D46-41AE-8537-E196F12DC859}.Ad-Hoc|iPhone.ActiveCfg = Debug|Any CPU
		{57647DBF-4D46-41AE-8537-E196F12DC859}.Ad-Hoc|iPhone.Build.0 = Debug|Any CPU
		{57647DBF-4D46-41AE-8537-E196F12DC859}.Ad-Hoc|iPhone.Deploy.0 = Debug|Any CPU
		{57647DBF-4D46-41AE-8537-E196F12DC859}.Ad-Hoc|iPhoneSimulator.ActiveCfg = Debug|Any CPU
		{57647DBF-4D46-41AE-8537-E196F12DC859}.Ad-Hoc|iPhoneSimulator.Build.0 = Debug|Any CPU
		{57647DBF-4D46-41AE-8537-E196F12DC859}.Ad-Hoc|iPhoneSimulator.Deploy.0 = Debug|Any CPU
		{57647DBF-4D46-41AE-8537-E196F12DC859}.AppStore|Any CPU.ActiveCfg = Debug|Any CPU
		{57647DBF-4D46-41AE-8537-E196F12DC859}.AppStore|Any CPU.Build.0 = Debug|Any CPU
		{57647DBF-4D46-41AE-8537-E196F12DC859}.AppStore|Any CPU.Deploy.0 = Debug|Any CPU
		{57647DBF-4D46-41AE-8537-E196F12DC859}.AppStore|iPhone.ActiveCfg = Debug|Any CPU
		{57647DBF-4D46-41AE-8537-E196F12DC859}.AppStore|iPhone.Build.0 = Debug|Any CPU
		{57647DBF-4D46-41AE-8537-E196F12DC859}.AppStore|iPhone.Deploy.0 = Debug|Any CPU
		{57647DBF-4D46-41AE-8537-E196F12DC859}.AppStore|iPhoneSimulator.ActiveCfg = Debug|Any CPU
		{57647DBF-4D46-41AE-8537-E196F12DC859}.AppStore|iPhoneSimulator.Build.0 = Debug|Any CPU
		{57647DBF-4D46-41AE-8537-E196F12DC859}.AppStore|iPhoneSimulator.Deploy.0 = Debug|Any CPU
		{57647DBF-4D46-41AE-8537-E196F12DC859}.Debug|Any CPU.ActiveCfg = Debug|Any CPU
		{57647DBF-4D46-41AE-8537-E196F12DC859}.Debug|Any CPU.Build.0 = Debug|Any CPU
		{57647DBF-4D46-41AE-8537-E196F12DC859}.Debug|Any CPU.Deploy.0 = Debug|Any CPU
		{57647DBF-4D46-41AE-8537-E196F12DC859}.Debug|iPhone.ActiveCfg = Debug|Any CPU
		{57647DBF-4D46-41AE-8537-E196F12DC859}.Debug|iPhone.Build.0 = Debug|Any CPU
		{57647DBF-4D46-41AE-8537-E196F12DC859}.Debug|iPhone.Deploy.0 = Debug|Any CPU
		{57647DBF-4D46-41AE-8537-E196F12DC859}.Debug|iPhoneSimulator.ActiveCfg = Debug|Any CPU
		{57647DBF-4D46-41AE-8537-E196F12DC859}.Debug|iPhoneSimulator.Build.0 = Debug|Any CPU
		{57647DBF-4D46-41AE-8537-E196F12DC859}.Debug|iPhoneSimulator.Deploy.0 = Debug|Any CPU
		{57647DBF-4D46-41AE-8537-E196F12DC859}.Release|Any CPU.ActiveCfg = Release|Any CPU
		{57647DBF-4D46-41AE-8537-E196F12DC859}.Release|Any CPU.Build.0 = Release|Any CPU
		{57647DBF-4D46-41AE-8537-E196F12DC859}.Release|Any CPU.Deploy.0 = Release|Any CPU
		{57647DBF-4D46-41AE-8537-E196F12DC859}.Release|iPhone.ActiveCfg = Release|Any CPU
		{57647DBF-4D46-41AE-8537-E196F12DC859}.Release|iPhone.Build.0 = Release|Any CPU
		{57647DBF-4D46-41AE-8537-E196F12DC859}.Release|iPhone.Deploy.0 = Release|Any CPU
		{57647DBF-4D46-41AE-8537-E196F12DC859}.Release|iPhoneSimulator.ActiveCfg = Release|Any CPU
		{57647DBF-4D46-41AE-8537-E196F12DC859}.Release|iPhoneSimulator.Build.0 = Release|Any CPU
		{57647DBF-4D46-41AE-8537-E196F12DC859}.Release|iPhoneSimulator.Deploy.0 = Release|Any CPU
	EndGlobalSection
	GlobalSection(SolutionProperties) = preSolution
		HideSolutionNode = FALSE
	EndGlobalSection
	GlobalSection(ExtensibilityGlobals) = postSolution
		SolutionGuid = {228C8998-34B5-41CF-80F4-510308A99429}
	EndGlobalSection
EndGlobal
